
Microsoft Visual Studio Solution File, Format Version 12.00
# Visual Studio 15
VisualStudioVersion = 15.0.28307.168
MinimumVisualStudioVersion = 10.0.40219.1
Project("{FAE04EC0-301F-11D3-BF4B-00C04F79EFBC}") = "Prototipo.Android", "Prototipo\Prototipo.Android\Prototipo.Android.csproj", "{24CE3C36-16B9-426D-AA0C-5961ECF8D88C}"
EndProject
Project("{FAE04EC0-301F-11D3-BF4B-00C04F79EFBC}") = "Prototipo.iOS", "Prototipo\Prototipo.iOS\Prototipo.iOS.csproj", "{DC2114C5-9E4B-4F06-9A95-733D788C5605}"
EndProject
Project("{FAE04EC0-301F-11D3-BF4B-00C04F79EFBC}") = "Prototipo", "Prototipo\Prototipo\Prototipo.csproj", "{A2E80D66-66C2-48FC-894C-119319B97696}"
EndProject
Global
	GlobalSection(SolutionConfigurationPlatforms) = preSolution
		Debug|Any CPU = Debug|Any CPU
		Debug|iPhone = Debug|iPhone
		Debug|iPhoneSimulator = Debug|iPhoneSimulator
		Release|Any CPU = Release|Any CPU
		Release|iPhone = Release|iPhone
		Release|iPhoneSimulator = Release|iPhoneSimulator
	EndGlobalSection
	GlobalSection(ProjectConfigurationPlatforms) = postSolution
		{24CE3C36-16B9-426D-AA0C-5961ECF8D88C}.Debug|Any CPU.ActiveCfg = Debug|Any CPU
		{24CE3C36-16B9-426D-AA0C-5961ECF8D88C}.Debug|Any CPU.Build.0 = Debug|Any CPU
		{24CE3C36-16B9-426D-AA0C-5961ECF8D88C}.Debug|Any CPU.Deploy.0 = Debug|Any CPU
		{24CE3C36-16B9-426D-AA0C-5961ECF8D88C}.Debug|iPhone.ActiveCfg = Debug|Any CPU
		{24CE3C36-16B9-426D-AA0C-5961ECF8D88C}.Debug|iPhone.Build.0 = Debug|Any CPU
		{24CE3C36-16B9-426D-AA0C-5961ECF8D88C}.Debug|iPhone.Deploy.0 = Debug|Any CPU
		{24CE3C36-16B9-426D-AA0C-5961ECF8D88C}.Debug|iPhoneSimulator.ActiveCfg = Debug|Any CPU
		{24CE3C36-16B9-426D-AA0C-5961ECF8D88C}.Debug|iPhoneSimulator.Build.0 = Debug|Any CPU
		{24CE3C36-16B9-426D-AA0C-5961ECF8D88C}.Debug|iPhoneSimulator.Deploy.0 = Debug|Any CPU
		{24CE3C36-16B9-426D-AA0C-5961ECF8D88C}.Release|Any CPU.ActiveCfg = Release|Any CPU
		{24CE3C36-16B9-426D-AA0C-5961ECF8D88C}.Release|Any CPU.Build.0 = Release|Any CPU
		{24CE3C36-16B9-426D-AA0C-5961ECF8D88C}.Release|Any CPU.Deploy.0 = Release|Any CPU
		{24CE3C36-16B9-426D-AA0C-5961ECF8D88C}.Release|iPhone.ActiveCfg = Release|Any CPU
		{24CE3C36-16B9-426D-AA0C-5961ECF8D88C}.Release|iPhone.Build.0 = Release|Any CPU
		{24CE3C36-16B9-426D-AA0C-5961ECF8D88C}.Release|iPhone.Deploy.0 = Release|Any CPU
		{24CE3C36-16B9-426D-AA0C-5961ECF8D88C}.Release|iPhoneSimulator.ActiveCfg = Release|Any CPU
		{24CE3C36-16B9-426D-AA0C-5961ECF8D88C}.Release|iPhoneSimulator.Build.0 = Release|Any CPU
		{24CE3C36-16B9-426D-AA0C-5961ECF8D88C}.Release|iPhoneSimulator.Deploy.0 = Release|Any CPU
		{DC2114C5-9E4B-4F06-9A95-733D788C5605}.Debug|Any CPU.ActiveCfg = Debug|iPhone
		{DC2114C5-9E4B-4F06-9A95-733D788C5605}.Debug|iPhone.ActiveCfg = Debug|iPhone
		{DC2114C5-9E4B-4F06-9A95-733D788C5605}.Debug|iPhone.Build.0 = Debug|iPhone
		{DC2114C5-9E4B-4F06-9A95-733D788C5605}.Debug|iPhoneSimulator.ActiveCfg = Debug|iPhoneSimulator
		{DC2114C5-9E4B-4F06-9A95-733D788C5605}.Debug|iPhoneSimulator.Build.0 = Debug|iPhoneSimulator
		{DC2114C5-9E4B-4F06-9A95-733D788C5605}.Release|Any CPU.ActiveCfg = Release|iPhone
		{DC2114C5-9E4B-4F06-9A95-733D788C5605}.Release|iPhone.ActiveCfg = Release|iPhone
		{DC2114C5-9E4B-4F06-9A95-733D788C5605}.Release|iPhone.Build.0 = Release|iPhone
		{DC2114C5-9E4B-4F06-9A95-733D788C5605}.Release|iPhoneSimulator.ActiveCfg = Release|iPhoneSimulator
		{DC2114C5-9E4B-4F06-9A95-733D788C5605}.Release|iPhoneSimulator.Build.0 = Release|iPhoneSimulator
		{A2E80D66-66C2-48FC-894C-119319B97696}.Debug|Any CPU.ActiveCfg = Debug|Any CPU
		{A2E80D66-66C2-48FC-894C-119319B97696}.Debug|Any CPU.Build.0 = Debug|Any CPU
		{A2E80D66-66C2-48FC-894C-119319B97696}.Debug|iPhone.ActiveCfg = Debug|Any CPU
		{A2E80D66-66C2-48FC-894C-119319B97696}.Debug|iPhone.Build.0 = Debug|Any CPU
		{A2E80D66-66C2-48FC-894C-119319B97696}.Debug|iPhoneSimulator.ActiveCfg = Debug|Any CPU
		{A2E80D66-66C2-48FC-894C-119319B97696}.Debug|iPhoneSimulator.Build.0 = Debug|Any CPU
		{A2E80D66-66C2-48FC-894C-119319B97696}.Release|Any CPU.ActiveCfg = Release|Any CPU
		{A2E80D66-66C2-48FC-894C-119319B97696}.Release|Any CPU.Build.0 = Release|Any CPU
		{A2E80D66-66C2-48FC-894C-119319B97696}.Release|iPhone.ActiveCfg = Release|Any CPU
		{A2E80D66-66C2-48FC-894C-119319B97696}.Release|iPhone.Build.0 = Release|Any CPU
		{A2E80D66-66C2-48FC-894C-119319B97696}.Release|iPhoneSimulator.ActiveCfg = Release|Any CPU
		{A2E80D66-66C2-48FC-894C-119319B97696}.Release|iPhoneSimulator.Build.0 = Release|Any CPU
	EndGlobalSection
	GlobalSection(SolutionProperties) = preSolution
		HideSolutionNode = FALSE
	EndGlobalSection
	GlobalSection(ExtensibilityGlobals) = postSolution
		SolutionGuid = {6AC55C34-59B1-4C1E-A1F6-770230711813}
	EndGlobalSection
EndGlobal
